<Solution>
  <Folder Name="/.root/">
    <File Path=".gitignore" />
    <File Path="INSTRUCTIONS.md" />
    <File Path="README.md" />
  </Folder>
  <Folder Name="/src/">
    <Project Path="src/EfCorePlayground/EfCorePlayground.csproj" />
  </Folder>
  <Folder Name="/tools/">
    <Project Path="tools/EfCorePlayground.Precompiler/EfCorePlayground.Precompiler.csproj" />
  </Folder>
</Solution>
